
Microsoft Visual Studio Solution File, Format Version 12.00
# Visual Studio Version 17
VisualStudioVersion = 17.0.31919.166
MinimumVisualStudioVersion = 10.0.40219.1
Project("{FAE04EC0-301F-11D3-BF4B-00C04F79EFBC}") = "LibraryManagementSystem", "LibraryManagementSystem.csproj", "{5FCAD81B-694F-4F11-8250-8BADD9A13B06}"
EndProject
Project("{FAE04EC0-301F-11D3-BF4B-00C04F79EFBC}") = "LibraryMSystem.Data", "..\LibraryMSystem.Data\LibraryMSystem.Data.csproj", "{4D9689A6-3312-4D45-96F3-18AABC08458C}"
EndProject
Project("{FAE04EC0-301F-11D3-BF4B-00C04F79EFBC}") = "LibraryMSystem.Services", "..\LibraryMSystem.Services\LibraryMSystem.Services.csproj", "{36E547DA-CCA3-4A86-B4E6-1D92FD55A7C0}"
EndProject
Global
	GlobalSection(SolutionConfigurationPlatforms) = preSolution
		Debug|Any CPU = Debug|Any CPU
		Release|Any CPU = Release|Any CPU
	EndGlobalSection
	GlobalSection(ProjectConfigurationPlatforms) = postSolution
		{5FCAD81B-694F-4F11-8250-8BADD9A13B06}.Debug|Any CPU.ActiveCfg = Debug|Any CPU
		{5FCAD81B-694F-4F11-8250-8BADD9A13B06}.Debug|Any CPU.Build.0 = Debug|Any CPU
		{5FCAD81B-694F-4F11-8250-8BADD9A13B06}.Release|Any CPU.ActiveCfg = Release|Any CPU
		{5FCAD81B-694F-4F11-8250-8BADD9A13B06}.Release|Any CPU.Build.0 = Release|Any CPU
		{4D9689A6-3312-4D45-96F3-18AABC08458C}.Debug|Any CPU.ActiveCfg = Debug|Any CPU
		{4D9689A6-3312-4D45-96F3-18AABC08458C}.Debug|Any CPU.Build.0 = Debug|Any CPU
		{4D9689A6-3312-4D45-96F3-18AABC08458C}.Release|Any CPU.ActiveCfg = Release|Any CPU
		{4D9689A6-3312-4D45-96F3-18AABC08458C}.Release|Any CPU.Build.0 = Release|Any CPU
		{36E547DA-CCA3-4A86-B4E6-1D92FD55A7C0}.Debug|Any CPU.ActiveCfg = Debug|Any CPU
		{36E547DA-CCA3-4A86-B4E6-1D92FD55A7C0}.Debug|Any CPU.Build.0 = Debug|Any CPU
		{36E547DA-CCA3-4A86-B4E6-1D92FD55A7C0}.Release|Any CPU.ActiveCfg = Release|Any CPU
		{36E547DA-CCA3-4A86-B4E6-1D92FD55A7C0}.Release|Any CPU.Build.0 = Release|Any CPU
	EndGlobalSection
	GlobalSection(SolutionProperties) = preSolution
		HideSolutionNode = FALSE
	EndGlobalSection
	GlobalSection(ExtensibilityGlobals) = postSolution
		SolutionGuid = {560D67C6-0F43-46C6-BB84-1779B40A5738}
	EndGlobalSection
EndGlobal
